
Microsoft Visual Studio Solution File, Format Version 12.00
# Visual Studio Version 16
VisualStudioVersion = 16.0.32413.511
MinimumVisualStudioVersion = 10.0.40219.1
Project("{FAE04EC0-301F-11D3-BF4B-00C04F79EFBC}") = "6. List Manipulation Basics", "6. List Manipulation Basics\6. List Manipulation Basics.csproj", "{40A771CF-2412-4A0B-861A-EB6F2843D4B1}"
EndProject
Global
	GlobalSection(SolutionConfigurationPlatforms) = preSolution
		Debug|Any CPU = Debug|Any CPU
		Release|Any CPU = Release|Any CPU
	EndGlobalSection
	GlobalSection(ProjectConfigurationPlatforms) = postSolution
		{40A771CF-2412-4A0B-861A-EB6F2843D4B1}.Debug|Any CPU.ActiveCfg = Debug|Any CPU
		{40A771CF-2412-4A0B-861A-EB6F2843D4B1}.Debug|Any CPU.Build.0 = Debug|Any CPU
		{40A771CF-2412-4A0B-861A-EB6F2843D4B1}.Release|Any CPU.ActiveCfg = Release|Any CPU
		{40A771CF-2412-4A0B-861A-EB6F2843D4B1}.Release|Any CPU.Build.0 = Release|Any CPU
	EndGlobalSection
	GlobalSection(SolutionProperties) = preSolution
		HideSolutionNode = FALSE
	EndGlobalSection
	GlobalSection(ExtensibilityGlobals) = postSolution
		SolutionGuid = {34A81B6E-EA55-4B9E-8D31-327B7DA8DBD5}
	EndGlobalSection
EndGlobal
