
Microsoft Visual Studio Solution File, Format Version 12.00
# Visual Studio Version 16
VisualStudioVersion = 16.0.32413.511
MinimumVisualStudioVersion = 10.0.40219.1
Project("{FAE04EC0-301F-11D3-BF4B-00C04F79EFBC}") = "4. Orders", "4. Orders\4. Orders.csproj", "{BFD80009-BBF7-4D68-8499-6256F1EB4089}"
EndProject
Global
	GlobalSection(SolutionConfigurationPlatforms) = preSolution
		Debug|Any CPU = Debug|Any CPU
		Release|Any CPU = Release|Any CPU
	EndGlobalSection
	GlobalSection(ProjectConfigurationPlatforms) = postSolution
		{BFD80009-BBF7-4D68-8499-6256F1EB4089}.Debug|Any CPU.ActiveCfg = Debug|Any CPU
		{BFD80009-BBF7-4D68-8499-6256F1EB4089}.Debug|Any CPU.Build.0 = Debug|Any CPU
		{BFD80009-BBF7-4D68-8499-6256F1EB4089}.Release|Any CPU.ActiveCfg = Release|Any CPU
		{BFD80009-BBF7-4D68-8499-6256F1EB4089}.Release|Any CPU.Build.0 = Release|Any CPU
	EndGlobalSection
	GlobalSection(SolutionProperties) = preSolution
		HideSolutionNode = FALSE
	EndGlobalSection
	GlobalSection(ExtensibilityGlobals) = postSolution
		SolutionGuid = {53573604-2FAC-46B8-A832-3D2A1B492477}
	EndGlobalSection
EndGlobal
