
Microsoft Visual Studio Solution File, Format Version 12.00
# Visual Studio Version 16
VisualStudioVersion = 16.0.32413.511
MinimumVisualStudioVersion = 10.0.40219.1
Project("{FAE04EC0-301F-11D3-BF4B-00C04F79EFBC}") = "4. List Operations", "4. List Operations\4. List Operations.csproj", "{EC15900B-28FB-4437-8AC7-8EC7F164110D}"
EndProject
Global
	GlobalSection(SolutionConfigurationPlatforms) = preSolution
		Debug|Any CPU = Debug|Any CPU
		Release|Any CPU = Release|Any CPU
	EndGlobalSection
	GlobalSection(ProjectConfigurationPlatforms) = postSolution
		{EC15900B-28FB-4437-8AC7-8EC7F164110D}.Debug|Any CPU.ActiveCfg = Debug|Any CPU
		{EC15900B-28FB-4437-8AC7-8EC7F164110D}.Debug|Any CPU.Build.0 = Debug|Any CPU
		{EC15900B-28FB-4437-8AC7-8EC7F164110D}.Release|Any CPU.ActiveCfg = Release|Any CPU
		{EC15900B-28FB-4437-8AC7-8EC7F164110D}.Release|Any CPU.Build.0 = Release|Any CPU
	EndGlobalSection
	GlobalSection(SolutionProperties) = preSolution
		HideSolutionNode = FALSE
	EndGlobalSection
	GlobalSection(ExtensibilityGlobals) = postSolution
		SolutionGuid = {A7986405-AFF8-4A3A-BE90-1054A9BFEE02}
	EndGlobalSection
EndGlobal
