
Microsoft Visual Studio Solution File, Format Version 12.00
# Visual Studio Version 16
VisualStudioVersion = 16.0.32413.511
MinimumVisualStudioVersion = 10.0.40219.1
Project("{FAE04EC0-301F-11D3-BF4B-00C04F79EFBC}") = "3. Legendary Farming", "3. Legendary Farming\3. Legendary Farming.csproj", "{F5B59CED-8313-40F0-958B-59974B1F8E7F}"
EndProject
Global
	GlobalSection(SolutionConfigurationPlatforms) = preSolution
		Debug|Any CPU = Debug|Any CPU
		Release|Any CPU = Release|Any CPU
	EndGlobalSection
	GlobalSection(ProjectConfigurationPlatforms) = postSolution
		{F5B59CED-8313-40F0-958B-59974B1F8E7F}.Debug|Any CPU.ActiveCfg = Debug|Any CPU
		{F5B59CED-8313-40F0-958B-59974B1F8E7F}.Debug|Any CPU.Build.0 = Debug|Any CPU
		{F5B59CED-8313-40F0-958B-59974B1F8E7F}.Release|Any CPU.ActiveCfg = Release|Any CPU
		{F5B59CED-8313-40F0-958B-59974B1F8E7F}.Release|Any CPU.Build.0 = Release|Any CPU
	EndGlobalSection
	GlobalSection(SolutionProperties) = preSolution
		HideSolutionNode = FALSE
	EndGlobalSection
	GlobalSection(ExtensibilityGlobals) = postSolution
		SolutionGuid = {A8A7A850-B70E-429C-8AAB-5236CD374E80}
	EndGlobalSection
EndGlobal
