
Microsoft Visual Studio Solution File, Format Version 12.00
# Visual Studio Version 16
VisualStudioVersion = 16.0.32413.511
MinimumVisualStudioVersion = 10.0.40219.1
Project("{FAE04EC0-301F-11D3-BF4B-00C04F79EFBC}") = "2. Race", "2. Race\2. Race.csproj", "{0ACC3A1F-4897-4C77-8DD3-88F09332D96D}"
EndProject
Global
	GlobalSection(SolutionConfigurationPlatforms) = preSolution
		Debug|Any CPU = Debug|Any CPU
		Release|Any CPU = Release|Any CPU
	EndGlobalSection
	GlobalSection(ProjectConfigurationPlatforms) = postSolution
		{0ACC3A1F-4897-4C77-8DD3-88F09332D96D}.Debug|Any CPU.ActiveCfg = Debug|Any CPU
		{0ACC3A1F-4897-4C77-8DD3-88F09332D96D}.Debug|Any CPU.Build.0 = Debug|Any CPU
		{0ACC3A1F-4897-4C77-8DD3-88F09332D96D}.Release|Any CPU.ActiveCfg = Release|Any CPU
		{0ACC3A1F-4897-4C77-8DD3-88F09332D96D}.Release|Any CPU.Build.0 = Release|Any CPU
	EndGlobalSection
	GlobalSection(SolutionProperties) = preSolution
		HideSolutionNode = FALSE
	EndGlobalSection
	GlobalSection(ExtensibilityGlobals) = postSolution
		SolutionGuid = {7DDE17C9-4A4C-439F-9D78-0D8DE4E994D0}
	EndGlobalSection
EndGlobal
