
Microsoft Visual Studio Solution File, Format Version 12.00
# Visual Studio Version 16
VisualStudioVersion = 16.0.32413.511
MinimumVisualStudioVersion = 10.0.40219.1
Project("{FAE04EC0-301F-11D3-BF4B-00C04F79EFBC}") = "2. Sum Digits", "2. Sum Digits\2. Sum Digits.csproj", "{049270DF-7420-4135-8DA8-15AA88DBD4FA}"
EndProject
Global
	GlobalSection(SolutionConfigurationPlatforms) = preSolution
		Debug|Any CPU = Debug|Any CPU
		Release|Any CPU = Release|Any CPU
	EndGlobalSection
	GlobalSection(ProjectConfigurationPlatforms) = postSolution
		{049270DF-7420-4135-8DA8-15AA88DBD4FA}.Debug|Any CPU.ActiveCfg = Debug|Any CPU
		{049270DF-7420-4135-8DA8-15AA88DBD4FA}.Debug|Any CPU.Build.0 = Debug|Any CPU
		{049270DF-7420-4135-8DA8-15AA88DBD4FA}.Release|Any CPU.ActiveCfg = Release|Any CPU
		{049270DF-7420-4135-8DA8-15AA88DBD4FA}.Release|Any CPU.Build.0 = Release|Any CPU
	EndGlobalSection
	GlobalSection(SolutionProperties) = preSolution
		HideSolutionNode = FALSE
	EndGlobalSection
	GlobalSection(ExtensibilityGlobals) = postSolution
		SolutionGuid = {8F9DD1BB-374E-4BE2-A528-E4DB48FE2784}
	EndGlobalSection
EndGlobal
